// !$*UTF8*$!
{
	archiveVersion = 1;
	classes = {
	};
	objectVersion = 55;
	objects = {

/* Begin PBXBuildFile section */
		092E7C0027FC72E90046E6FA /* AppDelegate.swift in Sources */ = {isa = PBXBuildFile; fileRef = 092E7BFF27FC72E90046E6FA /* AppDelegate.swift */; };
		092E7C0227FC72E90046E6FA /* SceneDelegate.swift in Sources */ = {isa = PBXBuildFile; fileRef = 092E7C0127FC72E90046E6FA /* SceneDelegate.swift */; };
		092E7C0727FC72E90046E6FA /* Main.storyboard in Resources */ = {isa = PBXBuildFile; fileRef = 092E7C0527FC72E90046E6FA /* Main.storyboard */; };
		092E7C0927FC72F00046E6FA /* Assets.xcassets in Resources */ = {isa = PBXBuildFile; fileRef = 092E7C0827FC72F00046E6FA /* Assets.xcassets */; };
		092E7C0C27FC72F00046E6FA /* LaunchScreen.storyboard in Resources */ = {isa = PBXBuildFile; fileRef = 092E7C0A27FC72F00046E6FA /* LaunchScreen.storyboard */; };
		092E7C1527FC77B80046E6FA /* NotesViewController.swift in Sources */ = {isa = PBXBuildFile; fileRef = 092E7C1427FC77B80046E6FA /* NotesViewController.swift */; };
		092E7C1A27FC8FBC0046E6FA /* NoteTableViewCell.swift in Sources */ = {isa = PBXBuildFile; fileRef = 092E7C1927FC8FBC0046E6FA /* NoteTableViewCell.swift */; };
		095B352F27FDFB16000E6BB9 /* Notes.xcdatamodeld in Sources */ = {isa = PBXBuildFile; fileRef = 095B352D27FDFB16000E6BB9 /* Notes.xcdatamodeld */; };
		095B353127FE014C000E6BB9 /* CoreDataManager.swift in Sources */ = {isa = PBXBuildFile; fileRef = 095B353027FE014C000E6BB9 /* CoreDataManager.swift */; };
		095B353427FE09E3000E6BB9 /* NoteViewController.swift in Sources */ = {isa = PBXBuildFile; fileRef = 095B353327FE09E3000E6BB9 /* NoteViewController.swift */; };
/* End PBXBuildFile section */

/* Begin PBXFileReference section */
		092E7BFC27FC72E90046E6FA /* MyNotes.app */ = {isa = PBXFileReference; explicitFileType = wrapper.application; includeInIndex = 0; path = MyNotes.app; sourceTree = BUILT_PRODUCTS_DIR; };
		092E7BFF27FC72E90046E6FA /* AppDelegate.swift */ = {isa = PBXFileReference; lastKnownFileType = sourcecode.swift; path = AppDelegate.swift; sourceTree = "<group>"; };
		092E7C0127FC72E90046E6FA /* SceneDelegate.swift */ = {isa = PBXFileReference; lastKnownFileType = sourcecode.swift; path = SceneDelegate.swift; sourceTree = "<group>"; };
		092E7C0627FC72E90046E6FA /* Base */ = {isa = PBXFileReference; lastKnownFileType = file.storyboard; name = Base; path = Base.lproj/Main.storyboard; sourceTree = "<group>"; };
		092E7C0827FC72F00046E6FA /* Assets.xcassets */ = {isa = PBXFileReference; lastKnownFileType = folder.assetcatalog; path = Assets.xcassets; sourceTree = "<group>"; };
		092E7C0B27FC72F00046E6FA /* Base */ = {isa = PBXFileReference; lastKnownFileType = file.storyboard; name = Base; path = Base.lproj/LaunchScreen.storyboard; sourceTree = "<group>"; };
		092E7C0D27FC72F00046E6FA /* Info.plist */ = {isa = PBXFileReference; lastKnownFileType = text.plist.xml; path = Info.plist; sourceTree = "<group>"; };
		092E7C1427FC77B80046E6FA /* NotesViewController.swift */ = {isa = PBXFileReference; lastKnownFileType = sourcecode.swift; path = NotesViewController.swift; sourceTree = "<group>"; };
		092E7C1927FC8FBC0046E6FA /* NoteTableViewCell.swift */ = {isa = PBXFileReference; lastKnownFileType = sourcecode.swift; path = NoteTableViewCell.swift; sourceTree = "<group>"; };
		095B352E27FDFB16000E6BB9 /* Notes.xcdatamodel */ = {isa = PBXFileReference; lastKnownFileType = wrapper.xcdatamodel; path = Notes.xcdatamodel; sourceTree = "<group>"; };
		095B353027FE014C000E6BB9 /* CoreDataManager.swift */ = {isa = PBXFileReference; lastKnownFileType = sourcecode.swift; path = CoreDataManager.swift; sourceTree = "<group>"; };
		095B353327FE09E3000E6BB9 /* NoteViewController.swift */ = {isa = PBXFileReference; lastKnownFileType = sourcecode.swift; path = NoteViewController.swift; sourceTree = "<group>"; };
/* End PBXFileReference section */

/* Begin PBXFrameworksBuildPhase section */
		092E7BF927FC72E90046E6FA /* Frameworks */ = {
			isa = PBXFrameworksBuildPhase;
			buildActionMask = 2147483647;
			files = (
			);
			runOnlyForDeploymentPostprocessing = 0;
		};
/* End PBXFrameworksBuildPhase section */

/* Begin PBXGroup section */
		0913088B27FF2446005B7565 /* Resources */ = {
			isa = PBXGroup;
			children = (
				092E7C0827FC72F00046E6FA /* Assets.xcassets */,
			);
			path = Resources;
			sourceTree = "<group>";
		};
		092E7BF327FC72E90046E6FA = {
			isa = PBXGroup;
			children = (
				092E7BFE27FC72E90046E6FA /* MyNotes */,
				092E7BFD27FC72E90046E6FA /* Products */,
			);
			sourceTree = "<group>";
		};
		092E7BFD27FC72E90046E6FA /* Products */ = {
			isa = PBXGroup;
			children = (
				092E7BFC27FC72E90046E6FA /* MyNotes.app */,
			);
			name = Products;
			sourceTree = "<group>";
		};
		092E7BFE27FC72E90046E6FA /* MyNotes */ = {
			isa = PBXGroup;
			children = (
				095B353227FE0654000E6BB9 /* DataManager */,
				092E7C1827FC893A0046E6FA /* Model */,
				092E7C1B27FC8FF20046E6FA /* View */,
				092E7C1327FC779F0046E6FA /* Controllers */,
				0913088B27FF2446005B7565 /* Resources */,
				092E7BFF27FC72E90046E6FA /* AppDelegate.swift */,
				092E7C0127FC72E90046E6FA /* SceneDelegate.swift */,
				092E7C0D27FC72F00046E6FA /* Info.plist */,
			);
			path = MyNotes;
			sourceTree = "<group>";
		};
		092E7C1327FC779F0046E6FA /* Controllers */ = {
			isa = PBXGroup;
			children = (
				092E7C1427FC77B80046E6FA /* NotesViewController.swift */,
				095B353327FE09E3000E6BB9 /* NoteViewController.swift */,
			);
			path = Controllers;
			sourceTree = "<group>";
		};
		092E7C1827FC893A0046E6FA /* Model */ = {
			isa = PBXGroup;
			children = (
				095B352D27FDFB16000E6BB9 /* Notes.xcdatamodeld */,
			);
			path = Model;
			sourceTree = "<group>";
		};
		092E7C1B27FC8FF20046E6FA /* View */ = {
			isa = PBXGroup;
			children = (
				092E7C0A27FC72F00046E6FA /* LaunchScreen.storyboard */,
				092E7C0527FC72E90046E6FA /* Main.storyboard */,
				092E7C1927FC8FBC0046E6FA /* NoteTableViewCell.swift */,
			);
			path = View;
			sourceTree = "<group>";
		};
		095B353227FE0654000E6BB9 /* DataManager */ = {
			isa = PBXGroup;
			children = (
				095B353027FE014C000E6BB9 /* CoreDataManager.swift */,
			);
			path = DataManager;
			sourceTree = "<group>";
		};
/* End PBXGroup section */

/* Begin PBXNativeTarget section */
		092E7BFB27FC72E90046E6FA /* MyNotes */ = {
			isa = PBXNativeTarget;
			buildConfigurationList = 092E7C1027FC72F00046E6FA /* Build configuration list for PBXNativeTarget "MyNotes" */;
			buildPhases = (
				092E7BF827FC72E90046E6FA /* Sources */,
				092E7BF927FC72E90046E6FA /* Frameworks */,
				092E7BFA27FC72E90046E6FA /* Resources */,
			);
			buildRules = (
			);
			dependencies = (
			);
			name = MyNotes;
			productName = MyNotes;
			productReference = 092E7BFC27FC72E90046E6FA /* MyNotes.app */;
			productType = "com.apple.product-type.application";
		};
/* End PBXNativeTarget section */

/* Begin PBXProject section */
		092E7BF427FC72E90046E6FA /* Project object */ = {
			isa = PBXProject;
			attributes = {
				BuildIndependentTargetsInParallel = 1;
				LastSwiftUpdateCheck = 1310;
				LastUpgradeCheck = 1310;
				TargetAttributes = {
					092E7BFB27FC72E90046E6FA = {
						CreatedOnToolsVersion = 13.1;
					};
				};
			};
			buildConfigurationList = 092E7BF727FC72E90046E6FA /* Build configuration list for PBXProject "MyNotes" */;
			compatibilityVersion = "Xcode 13.0";
			developmentRegion = en;
			hasScannedForEncodings = 0;
			knownRegions = (
				en,
				Base,
			);
			mainGroup = 092E7BF327FC72E90046E6FA;
			productRefGroup = 092E7BFD27FC72E90046E6FA /* Products */;
			projectDirPath = "";
			projectRoot = "";
			targets = (
				092E7BFB27FC72E90046E6FA /* MyNotes */,
			);
		};
/* End PBXProject section */

/* Begin PBXResourcesBuildPhase section */
		092E7BFA27FC72E90046E6FA /* Resources */ = {
			isa = PBXResourcesBuildPhase;
			buildActionMask = 2147483647;
			files = (
				092E7C0C27FC72F00046E6FA /* LaunchScreen.storyboard in Resources */,
				092E7C0927FC72F00046E6FA /* Assets.xcassets in Resources */,
				092E7C0727FC72E90046E6FA /* Main.storyboard in Resources */,
			);
			runOnlyForDeploymentPostprocessing = 0;
		};
/* End PBXResourcesBuildPhase section */

/* Begin PBXSourcesBuildPhase section */
		092E7BF827FC72E90046E6FA /* Sources */ = {
			isa = PBXSourcesBuildPhase;
			buildActionMask = 2147483647;
			files = (
				095B353427FE09E3000E6BB9 /* NoteViewController.swift in Sources */,
				095B353127FE014C000E6BB9 /* CoreDataManager.swift in Sources */,
				092E7C0027FC72E90046E6FA /* AppDelegate.swift in Sources */,
				095B352F27FDFB16000E6BB9 /* Notes.xcdatamodeld in Sources */,
				092E7C0227FC72E90046E6FA /* SceneDelegate.swift in Sources */,
				092E7C1527FC77B80046E6FA /* NotesViewController.swift in Sources */,
				092E7C1A27FC8FBC0046E6FA /* NoteTableViewCell.swift in Sources */,
			);
			runOnlyForDeploymentPostprocessing = 0;
		};
/* End PBXSourcesBuildPhase section */

/* Begin PBXVariantGroup section */
		092E7C0527FC72E90046E6FA /* Main.storyboard */ = {
			isa = PBXVariantGroup;
			children = (
				092E7C0627FC72E90046E6FA /* Base */,
			);
			name = Main.storyboard;
			sourceTree = "<group>";
		};
		092E7C0A27FC72F00046E6FA /* LaunchScreen.storyboard */ = {
			isa = PBXVariantGroup;
			children = (
				092E7C0B27FC72F00046E6FA /* Base */,
			);
			name = LaunchScreen.storyboard;
			sourceTree = "<group>";
		};
/* End PBXVariantGroup section */

/* Begin XCBuildConfiguration section */
		092E7C0E27FC72F00046E6FA /* Debug */ = {
			isa = XCBuildConfiguration;
			buildSettings = {
				ALWAYS_SEARCH_USER_PATHS = NO;
				CLANG_ANALYZER_NONNULL = YES;
				CLANG_ANALYZER_NUMBER_OBJECT_CONVERSION = YES_AGGRESSIVE;
				CLANG_CXX_LANGUAGE_STANDARD = "gnu++17";
				CLANG_CXX_LIBRARY = "libc++";
				CLANG_ENABLE_MODULES = YES;
				CLANG_ENABLE_OBJC_ARC = YES;
				CLANG_ENABLE_OBJC_WEAK = YES;
				CLANG_WARN_BLOCK_CAPTURE_AUTORELEASING = YES;
				CLANG_WARN_BOOL_CONVERSION = YES;
				CLANG_WARN_COMMA = YES;
				CLANG_WARN_CONSTANT_CONVERSION = YES;
				CLANG_WARN_DEPRECATED_OBJC_IMPLEMENTATIONS = YES;
				CLANG_WARN_DIRECT_OBJC_ISA_USAGE = YES_ERROR;
				CLANG_WARN_DOCUMENTATION_COMMENTS = YES;
				CLANG_WARN_EMPTY_BODY = YES;
				CLANG_WARN_ENUM_CONVERSION = YES;
				CLANG_WARN_INFINITE_RECURSION = YES;
				CLANG_WARN_INT_CONVERSION = YES;
				CLANG_WARN_NON_LITERAL_NULL_CONVERSION = YES;
				CLANG_WARN_OBJC_IMPLICIT_RETAIN_SELF = YES;
				CLANG_WARN_OBJC_LITERAL_CONVERSION = YES;
				CLANG_WARN_OBJC_ROOT_CLASS = YES_ERROR;
				CLANG_WARN_QUOTED_INCLUDE_IN_FRAMEWORK_HEADER = YES;
				CLANG_WARN_RANGE_LOOP_ANALYSIS = YES;
				CLANG_WARN_STRICT_PROTOTYPES = YES;
				CLANG_WARN_SUSPICIOUS_MOVE = YES;
				CLANG_WARN_UNGUARDED_AVAILABILITY = YES_AGGRESSIVE;
				CLANG_WARN_UNREACHABLE_CODE = YES;
				CLANG_WARN__DUPLICATE_METHOD_MATCH = YES;
				COPY_PHASE_STRIP = NO;
				DEBUG_INFORMATION_FORMAT = dwarf;
				ENABLE_STRICT_OBJC_MSGSEND = YES;
				ENABLE_TESTABILITY = YES;
				GCC_C_LANGUAGE_STANDARD = gnu11;
				GCC_DYNAMIC_NO_PIC = NO;
				GCC_NO_COMMON_BLOCKS = YES;
				GCC_OPTIMIZATION_LEVEL = 0;
				GCC_PREPROCESSOR_DEFINITIONS = (
					"DEBUG=1",
					"$(inherited)",
				);
				GCC_WARN_64_TO_32_BIT_CONVERSION = YES;
				GCC_WARN_ABOUT_RETURN_TYPE = YES_ERROR;
				GCC_WARN_UNDECLARED_SELECTOR = YES;
				GCC_WARN_UNINITIALIZED_AUTOS = YES_AGGRESSIVE;
				GCC_WARN_UNUSED_FUNCTION = YES;
				GCC_WARN_UNUSED_VARIABLE = YES;
				IPHONEOS_DEPLOYMENT_TARGET = 15.0;
				MTL_ENABLE_DEBUG_INFO = INCLUDE_SOURCE;
				MTL_FAST_MATH = YES;
				ONLY_ACTIVE_ARCH = YES;
				SDKROOT = iphoneos;
				SWIFT_ACTIVE_COMPILATION_CONDITIONS = DEBUG;
				SWIFT_OPTIMIZATION_LEVEL = "-Onone";
			};
			name = Debug;
		};
		092E7C0F27FC72F00046E6FA /* Release */ = {
			isa = XCBuildConfiguration;
			buildSettings = {
				ALWAYS_SEARCH_USER_PATHS = NO;
				CLANG_ANALYZER_NONNULL = YES;
				CLANG_ANALYZER_NUMBER_OBJECT_CONVERSION = YES_AGGRESSIVE;
				CLANG_CXX_LANGUAGE_STANDARD = "gnu++17";
				CLANG_CXX_LIBRARY = "libc++";
				CLANG_ENABLE_MODULES = YES;
				CLANG_ENABLE_OBJC_ARC = YES;
				CLANG_ENABLE_OBJC_WEAK = YES;
				CLANG_WARN_BLOCK_CAPTURE_AUTORELEASING = YES;
				CLANG_WARN_BOOL_CONVERSION = YES;
				CLANG_WARN_COMMA = YES;
				CLANG_WARN_CONSTANT_CONVERSION = YES;
				CLANG_WARN_DEPRECATED_OBJC_IMPLEMENTATIONS = YES;
				CLANG_WARN_DIRECT_OBJC_ISA_USAGE = YES_ERROR;
				CLANG_WARN_DOCUMENTATION_COMMENTS = YES;
				CLANG_WARN_EMPTY_BODY = YES;
				CLANG_WARN_ENUM_CONVERSION = YES;
				CLANG_WARN_INFINITE_RECURSION = YES;
				CLANG_WARN_INT_CONVERSION = YES;
				CLANG_WARN_NON_LITERAL_NULL_CONVERSION = YES;
				CLANG_WARN_OBJC_IMPLICIT_RETAIN_SELF = YES;
				CLANG_WARN_OBJC_LITERAL_CONVERSION = YES;
				CLANG_WARN_OBJC_ROOT_CLASS = YES_ERROR;
				CLANG_WARN_QUOTED_INCLUDE_IN_FRAMEWORK_HEADER = YES;
				CLANG_WARN_RANGE_LOOP_ANALYSIS = YES;
				CLANG_WARN_STRICT_PROTOTYPES = YES;
				CLANG_WARN_SUSPICIOUS_MOVE = YES;
				CLANG_WARN_UNGUARDED_AVAILABILITY = YES_AGGRESSIVE;
				CLANG_WARN_UNREACHABLE_CODE = YES;
				CLANG_WARN__DUPLICATE_METHOD_MATCH = YES;
				COPY_PHASE_STRIP = NO;
				DEBUG_INFORMATION_FORMAT = "dwarf-with-dsym";
				ENABLE_NS_ASSERTIONS = NO;
				ENABLE_STRICT_OBJC_MSGSEND = YES;
				GCC_C_LANGUAGE_STANDARD = gnu11;
				GCC_NO_COMMON_BLOCKS = YES;
				GCC_WARN_64_TO_32_BIT_CONVERSION = YES;
				GCC_WARN_ABOUT_RETURN_TYPE = YES_ERROR;
				GCC_WARN_UNDECLARED_SELECTOR = YES;
				GCC_WARN_UNINITIALIZED_AUTOS = YES_AGGRESSIVE;
				GCC_WARN_UNUSED_FUNCTION = YES;
				GCC_WARN_UNUSED_VARIABLE = YES;
				IPHONEOS_DEPLOYMENT_TARGET = 15.0;
				MTL_ENABLE_DEBUG_INFO = NO;
				MTL_FAST_MATH = YES;
				SDKROOT = iphoneos;
				SWIFT_COMPILATION_MODE = wholemodule;
				SWIFT_OPTIMIZATION_LEVEL = "-O";
				VALIDATE_PRODUCT = YES;
			};
			name = Release;
		};
		092E7C1127FC72F00046E6FA /* Debug */ = {
			isa = XCBuildConfiguration;
			buildSettings = {
				ASSETCATALOG_COMPILER_APPICON_NAME = AppIcon;
				ASSETCATALOG_COMPILER_GLOBAL_ACCENT_COLOR_NAME = AccentColor;
				CODE_SIGN_STYLE = Automatic;
				CURRENT_PROJECT_VERSION = 1;
				GENERATE_INFOPLIST_FILE = YES;
				INFOPLIST_FILE = MyNotes/Info.plist;
				INFOPLIST_KEY_UIApplicationSupportsIndirectInputEvents = YES;
				INFOPLIST_KEY_UILaunchStoryboardName = LaunchScreen;
				INFOPLIST_KEY_UIMainStoryboardFile = Main;
				INFOPLIST_KEY_UISupportedInterfaceOrientations = UIInterfaceOrientationPortrait;
				INFOPLIST_KEY_UISupportedInterfaceOrientations_iPad = "UIInterfaceOrientationPortrait UIInterfaceOrientationPortraitUpsideDown UIInterfaceOrientationLandscapeLeft UIInterfaceOrientationLandscapeRight";
				INFOPLIST_KEY_UISupportedInterfaceOrientations_iPhone = "UIInterfaceOrientationPortrait UIInterfaceOrientationLandscapeLeft UIInterfaceOrientationLandscapeRight";
				LD_RUNPATH_SEARCH_PATHS = (
					"$(inherited)",
					"@executable_path/Frameworks",
				);
				MARKETING_VERSION = 1.0;
				PRODUCT_BUNDLE_IDENTIFIER = demo.MyNotes;
				PRODUCT_NAME = "$(TARGET_NAME)";
				SWIFT_EMIT_LOC_STRINGS = YES;
				SWIFT_VERSION = 5.0;
				TARGETED_DEVICE_FAMILY = 1;
			};
			name = Debug;
		};
		092E7C1227FC72F00046E6FA /* Release */ = {
			isa = XCBuildConfiguration;
			buildSettings = {
				ASSETCATALOG_COMPILER_APPICON_NAME = AppIcon;
				ASSETCATALOG_COMPILER_GLOBAL_ACCENT_COLOR_NAME = AccentColor;
				CODE_SIGN_STYLE = Automatic;
				CURRENT_PROJECT_VERSION = 1;
				GENERATE_INFOPLIST_FILE = YES;
				INFOPLIST_FILE = MyNotes/Info.plist;
				INFOPLIST_KEY_UIApplicationSupportsIndirectInputEvents = YES;
				INFOPLIST_KEY_UILaunchStoryboardName = LaunchScreen;
				INFOPLIST_KEY_UIMainStoryboardFile = Main;
				INFOPLIST_KEY_UISupportedInterfaceOrientations = UIInterfaceOrientationPortrait;
				INFOPLIST_KEY_UISupportedInterfaceOrientations_iPad = "UIInterfaceOrientationPortrait UIInterfaceOrientationPortraitUpsideDown UIInterfaceOrientationLandscapeLeft UIInterfaceOrientationLandscapeRight";
				INFOPLIST_KEY_UISupportedInterfaceOrientations_iPhone = "UIInterfaceOrientationPortrait UIInterfaceOrientationLandscapeLeft UIInterfaceOrientationLandscapeRight";
				LD_RUNPATH_SEARCH_PATHS = (
					"$(inherited)",
					"@executable_path/Frameworks",
				);
				MARKETING_VERSION = 1.0;
				PRODUCT_BUNDLE_IDENTIFIER = demo.MyNotes;
				PRODUCT_NAME = "$(TARGET_NAME)";
				SWIFT_EMIT_LOC_STRINGS = YES;
				SWIFT_VERSION = 5.0;
				TARGETED_DEVICE_FAMILY = 1;
			};
			name = Release;
		};
/* End XCBuildConfiguration section */

/* Begin XCConfigurationList section */
		092E7BF727FC72E90046E6FA /* Build configuration list for PBXProject "MyNotes" */ = {
			isa = XCConfigurationList;
			buildConfigurations = (
				092E7C0E27FC72F00046E6FA /* Debug */,
				092E7C0F27FC72F00046E6FA /* Release */,
			);
			defaultConfigurationIsVisible = 0;
			defaultConfigurationName = Release;
		};
		092E7C1027FC72F00046E6FA /* Build configuration list for PBXNativeTarget "MyNotes" */ = {
			isa = XCConfigurationList;
			buildConfigurations = (
				092E7C1127FC72F00046E6FA /* Debug */,
				092E7C1227FC72F00046E6FA /* Release */,
			);
			defaultConfigurationIsVisible = 0;
			defaultConfigurationName = Release;
		};
/* End XCConfigurationList section */

/* Begin XCVersionGroup section */
		095B352D27FDFB16000E6BB9 /* Notes.xcdatamodeld */ = {
			isa = XCVersionGroup;
			children = (
				095B352E27FDFB16000E6BB9 /* Notes.xcdatamodel */,
			);
			currentVersion = 095B352E27FDFB16000E6BB9 /* Notes.xcdatamodel */;
			path = Notes.xcdatamodeld;
			sourceTree = "<group>";
			versionGroupType = wrapper.xcdatamodel;
		};
/* End XCVersionGroup section */
	};
	rootObject = 092E7BF427FC72E90046E6FA /* Project object */;
}
